
Microsoft Visual Studio Solution File, Format Version 12.00
# Visual Studio 15
VisualStudioVersion = 15.0.28010.2019
MinimumVisualStudioVersion = 10.0.40219.1
Project("{8BC9CEB8-8B4A-11D0-8D11-00A0C91BC942}") = "tpr5", "tpr5\tpr5.vcxproj", "{EF0DC920-9C95-4524-8B7D-9F8E13D7538D}"
EndProject
Global
	GlobalSection(SolutionConfigurationPlatforms) = preSolution
		Debug|x64 = Debug|x64
		Debug|x86 = Debug|x86
		Release|x64 = Release|x64
		Release|x86 = Release|x86
	EndGlobalSection
	GlobalSection(ProjectConfigurationPlatforms) = postSolution
		{EF0DC920-9C95-4524-8B7D-9F8E13D7538D}.Debug|x64.ActiveCfg = Debug|x64
		{EF0DC920-9C95-4524-8B7D-9F8E13D7538D}.Debug|x64.Build.0 = Debug|x64
		{EF0DC920-9C95-4524-8B7D-9F8E13D7538D}.Debug|x86.ActiveCfg = Debug|Win32
		{EF0DC920-9C95-4524-8B7D-9F8E13D7538D}.Debug|x86.Build.0 = Debug|Win32
		{EF0DC920-9C95-4524-8B7D-9F8E13D7538D}.Release|x64.ActiveCfg = Release|x64
		{EF0DC920-9C95-4524-8B7D-9F8E13D7538D}.Release|x64.Build.0 = Release|x64
		{EF0DC920-9C95-4524-8B7D-9F8E13D7538D}.Release|x86.ActiveCfg = Release|Win32
		{EF0DC920-9C95-4524-8B7D-9F8E13D7538D}.Release|x86.Build.0 = Release|Win32
	EndGlobalSection
	GlobalSection(SolutionProperties) = preSolution
		HideSolutionNode = FALSE
	EndGlobalSection
	GlobalSection(ExtensibilityGlobals) = postSolution
		SolutionGuid = {A1234B86-7F4F-4B53-A631-0868DE338A0F}
	EndGlobalSection
EndGlobal
